// !$*UTF8*$!
{
	archiveVersion = 1;
	classes = {
	};
	objectVersion = 50;
	objects = {

/* Begin PBXBuildFile section */
		12C034F02136D60B00EE22BB /* Game.swift in Sources */ = {isa = PBXBuildFile; fileRef = 12C034EF2136D60B00EE22BB /* Game.swift */; };
		12C034F52136DAF000EE22BB /* FrameAllNecessaryShotsTakenTests.swift in Sources */ = {isa = PBXBuildFile; fileRef = 12C034F42136DAF000EE22BB /* FrameAllNecessaryShotsTakenTests.swift */; };
		12C034F921370E8700EE22BB /* Node.swift in Sources */ = {isa = PBXBuildFile; fileRef = 12C034F821370E8700EE22BB /* Node.swift */; };
		12C034FB21371A4500EE22BB /* Player.swift in Sources */ = {isa = PBXBuildFile; fileRef = 12C034FA21371A4500EE22BB /* Player.swift */; };
		12C034FD21371A5500EE22BB /* PlayerFrames.swift in Sources */ = {isa = PBXBuildFile; fileRef = 12C034FC21371A5500EE22BB /* PlayerFrames.swift */; };
		12C0350121371A8200EE22BB /* ScoreCalculationError.swift in Sources */ = {isa = PBXBuildFile; fileRef = 12C0350021371A8200EE22BB /* ScoreCalculationError.swift */; };
		12C0350321371A9800EE22BB /* Frame.swift in Sources */ = {isa = PBXBuildFile; fileRef = 12C0350221371A9800EE22BB /* Frame.swift */; };
		12C0350521371AB800EE22BB /* Shot.swift in Sources */ = {isa = PBXBuildFile; fileRef = 12C0350421371AB800EE22BB /* Shot.swift */; };
		12D238FC213C30F500FE7CFE /* WelcomeCoordinator.swift in Sources */ = {isa = PBXBuildFile; fileRef = 12D238FB213C30F500FE7CFE /* WelcomeCoordinator.swift */; };
		12D238FE213C37E000FE7CFE /* CoreDataController.swift in Sources */ = {isa = PBXBuildFile; fileRef = 12D238FD213C37E000FE7CFE /* CoreDataController.swift */; };
		12D23903213C546300FE7CFE /* AppCoordinator.swift in Sources */ = {isa = PBXBuildFile; fileRef = 12D23902213C546300FE7CFE /* AppCoordinator.swift */; };
		12D23906213C621000FE7CFE /* EnterTextViewModelType.swift in Sources */ = {isa = PBXBuildFile; fileRef = 12D23905213C621000FE7CFE /* EnterTextViewModelType.swift */; };
		12D23908213C622B00FE7CFE /* EnterTextViewModel.swift in Sources */ = {isa = PBXBuildFile; fileRef = 12D23907213C622B00FE7CFE /* EnterTextViewModel.swift */; };
		12D2390B213C89BE00FE7CFE /* GamesTableViewController.swift in Sources */ = {isa = PBXBuildFile; fileRef = 12D2390A213C89BE00FE7CFE /* GamesTableViewController.swift */; };
		12D2390D213C8A3600FE7CFE /* Games.storyboard in Resources */ = {isa = PBXBuildFile; fileRef = 12D2390C213C8A3600FE7CFE /* Games.storyboard */; };
		12D23912213D3C2800FE7CFE /* MainCoordinator.swift in Sources */ = {isa = PBXBuildFile; fileRef = 12D23911213D3C2800FE7CFE /* MainCoordinator.swift */; };
		12D23915213D3C5900FE7CFE /* GameData.swift in Sources */ = {isa = PBXBuildFile; fileRef = 12D23914213D3C5900FE7CFE /* GameData.swift */; };
		12D27BEF213D84B5009D0D6F /* GameTurnTests.swift in Sources */ = {isa = PBXBuildFile; fileRef = 12D27BEE213D84B5009D0D6F /* GameTurnTests.swift */; };
		12D27BF1213D8C2B009D0D6F /* GameDelegate.swift in Sources */ = {isa = PBXBuildFile; fileRef = 12D27BF0213D8C2B009D0D6F /* GameDelegate.swift */; };
		12D27BF3213D8C9E009D0D6F /* GameSettings.swift in Sources */ = {isa = PBXBuildFile; fileRef = 12D27BF2213D8C9E009D0D6F /* GameSettings.swift */; };
		12D27BF5213D8CC4009D0D6F /* UserProfile.swift in Sources */ = {isa = PBXBuildFile; fileRef = 12D27BF4213D8CC4009D0D6F /* UserProfile.swift */; };
		12D27BF8213D8D31009D0D6F /* UserProfileDetails.swift in Sources */ = {isa = PBXBuildFile; fileRef = 12D27BF7213D8D31009D0D6F /* UserProfileDetails.swift */; };
		12D27BFA213D8D38009D0D6F /* ProfileController.swift in Sources */ = {isa = PBXBuildFile; fileRef = 12D27BF9213D8D38009D0D6F /* ProfileController.swift */; };
		12D27BFC213D8E2D009D0D6F /* NicknameValidationError.swift in Sources */ = {isa = PBXBuildFile; fileRef = 12D27BFB213D8E2D009D0D6F /* NicknameValidationError.swift */; };
		12D27BFE213D8E89009D0D6F /* GamesViewModel.swift in Sources */ = {isa = PBXBuildFile; fileRef = 12D27BFD213D8E89009D0D6F /* GamesViewModel.swift */; };
		12D27C00213D8EC7009D0D6F /* TakeShotDelegate.swift in Sources */ = {isa = PBXBuildFile; fileRef = 12D27BFF213D8EC7009D0D6F /* TakeShotDelegate.swift */; };
		12D27C02213D8EE5009D0D6F /* GameViewModel.swift in Sources */ = {isa = PBXBuildFile; fileRef = 12D27C01213D8EE5009D0D6F /* GameViewModel.swift */; };
		12D27C04213D9058009D0D6F /* EnterTextViewFactory.swift in Sources */ = {isa = PBXBuildFile; fileRef = 12D27C03213D9058009D0D6F /* EnterTextViewFactory.swift */; };
		12D640C7213D7D4E0064AA5C /* GameTableViewCell.swift in Sources */ = {isa = PBXBuildFile; fileRef = 12D640C6213D7D4E0064AA5C /* GameTableViewCell.swift */; };
		12D640C9213D7D7D0064AA5C /* GameCellViewModel.swift in Sources */ = {isa = PBXBuildFile; fileRef = 12D640C8213D7D7D0064AA5C /* GameCellViewModel.swift */; };
		12E929C12136CE9D00B04385 /* AppDelegate.swift in Sources */ = {isa = PBXBuildFile; fileRef = 12E929C02136CE9D00B04385 /* AppDelegate.swift */; };
		12E929C92136CE9D00B04385 /* BowlingScoreboard.xcdatamodeld in Sources */ = {isa = PBXBuildFile; fileRef = 12E929C72136CE9D00B04385 /* BowlingScoreboard.xcdatamodeld */; };
		12E929CB2136CE9F00B04385 /* Assets.xcassets in Resources */ = {isa = PBXBuildFile; fileRef = 12E929CA2136CE9F00B04385 /* Assets.xcassets */; };
		12E929CE2136CE9F00B04385 /* LaunchScreen.storyboard in Resources */ = {isa = PBXBuildFile; fileRef = 12E929CC2136CE9F00B04385 /* LaunchScreen.storyboard */; };
		12EE8FFB21374CED00F08F96 /* LaunchUITests.swift in Sources */ = {isa = PBXBuildFile; fileRef = 12EE8FFA21374CED00F08F96 /* LaunchUITests.swift */; };
		12EE8FFD2138278000F08F96 /* FrameCollectionRunningTotalScoreTests.swift in Sources */ = {isa = PBXBuildFile; fileRef = 12EE8FFC2138278000F08F96 /* FrameCollectionRunningTotalScoreTests.swift */; };
		12EE8FFF21382C5500F08F96 /* Log.swift in Sources */ = {isa = PBXBuildFile; fileRef = 12EE8FFE21382C5500F08F96 /* Log.swift */; };
		12FD3BBD213861A0000076EB /* FrameCollection.swift in Sources */ = {isa = PBXBuildFile; fileRef = 12FD3BBC213861A0000076EB /* FrameCollection.swift */; };
		12FD3BBF213AC421000076EB /* TakeShotError.swift in Sources */ = {isa = PBXBuildFile; fileRef = 12FD3BBE213AC421000076EB /* TakeShotError.swift */; };
		12FD3BC1213AC440000076EB /* PinsKnockedDown.swift in Sources */ = {isa = PBXBuildFile; fileRef = 12FD3BC0213AC43F000076EB /* PinsKnockedDown.swift */; };
		12FD3BC3213AC49C000076EB /* FrameScore.swift in Sources */ = {isa = PBXBuildFile; fileRef = 12FD3BC2213AC49C000076EB /* FrameScore.swift */; };
		12FD3BC9213AC5A9000076EB /* FrameCollectionInitializationTests.swift in Sources */ = {isa = PBXBuildFile; fileRef = 12FD3BC8213AC5A9000076EB /* FrameCollectionInitializationTests.swift */; };
		12FD3BCB213AC5FA000076EB /* FrameInitializationTests.swift in Sources */ = {isa = PBXBuildFile; fileRef = 12FD3BCA213AC5FA000076EB /* FrameInitializationTests.swift */; };
		12FD3BCE213AD652000076EB /* GameViewController.swift in Sources */ = {isa = PBXBuildFile; fileRef = 12FD3BCD213AD652000076EB /* GameViewController.swift */; };
		12FD3BD1213AD692000076EB /* FramesCollectionViewController.swift in Sources */ = {isa = PBXBuildFile; fileRef = 12FD3BD0213AD692000076EB /* FramesCollectionViewController.swift */; };
		12FD3BD3213AD6CC000076EB /* AvailableShotsCollectionViewController.swift in Sources */ = {isa = PBXBuildFile; fileRef = 12FD3BD2213AD6CC000076EB /* AvailableShotsCollectionViewController.swift */; };
		12FD3BD7213ADB8E000076EB /* CenterCollectionViewFlowLayout.swift in Sources */ = {isa = PBXBuildFile; fileRef = 12FD3BD6213ADB8E000076EB /* CenterCollectionViewFlowLayout.swift */; };
		12FD3BF3213B121E000076EB /* Game.storyboard in Resources */ = {isa = PBXBuildFile; fileRef = 12FD3BF2213B121E000076EB /* Game.storyboard */; };
		12FD3BF5213B2C0C000076EB /* FramesCollectionViewFlowLayout.swift in Sources */ = {isa = PBXBuildFile; fileRef = 12FD3BF4213B2C0C000076EB /* FramesCollectionViewFlowLayout.swift */; };
		12FD3BF8213B3DF2000076EB /* ShotCollectionViewCell.xib in Resources */ = {isa = PBXBuildFile; fileRef = 12FD3BF6213B3DF2000076EB /* ShotCollectionViewCell.xib */; };
		12FD3BF9213B3DF2000076EB /* ShotCollectionViewCell.swift in Sources */ = {isa = PBXBuildFile; fileRef = 12FD3BF7213B3DF2000076EB /* ShotCollectionViewCell.swift */; };
		12FD3C00213B3E01000076EB /* FrameCollectionViewCell.xib in Resources */ = {isa = PBXBuildFile; fileRef = 12FD3BFA213B3E00000076EB /* FrameCollectionViewCell.xib */; };
		12FD3C01213B3E01000076EB /* FrameCollectionViewCell.swift in Sources */ = {isa = PBXBuildFile; fileRef = 12FD3BFB213B3E00000076EB /* FrameCollectionViewCell.swift */; };
		12FD3C02213B3E01000076EB /* FrameInfo.swift in Sources */ = {isa = PBXBuildFile; fileRef = 12FD3BFC213B3E00000076EB /* FrameInfo.swift */; };
		12FD3C07213B4410000076EB /* FrameViewModel.swift in Sources */ = {isa = PBXBuildFile; fileRef = 12FD3C06213B4410000076EB /* FrameViewModel.swift */; };
		12FD3C09213B524D000076EB /* ShotViewModel.swift in Sources */ = {isa = PBXBuildFile; fileRef = 12FD3C08213B524D000076EB /* ShotViewModel.swift */; };
		12FD3C0C213C27FC000076EB /* EnterTextViewController.swift in Sources */ = {isa = PBXBuildFile; fileRef = 12FD3C0B213C27FC000076EB /* EnterTextViewController.swift */; };
		12FD3C0E213C2822000076EB /* EnterTextViewController.storyboard in Resources */ = {isa = PBXBuildFile; fileRef = 12FD3C0D213C2822000076EB /* EnterTextViewController.storyboard */; };
/* End PBXBuildFile section */

/* Begin PBXContainerItemProxy section */
		12E929D52136CE9F00B04385 /* PBXContainerItemProxy */ = {
			isa = PBXContainerItemProxy;
			containerPortal = 12E929B52136CE9D00B04385 /* Project object */;
			proxyType = 1;
			remoteGlobalIDString = 12E929BC2136CE9D00B04385;
			remoteInfo = BowlingScoreboard;
		};
		12E929E02136CE9F00B04385 /* PBXContainerItemProxy */ = {
			isa = PBXContainerItemProxy;
			containerPortal = 12E929B52136CE9D00B04385 /* Project object */;
			proxyType = 1;
			remoteGlobalIDString = 12E929BC2136CE9D00B04385;
			remoteInfo = BowlingScoreboard;
		};
/* End PBXContainerItemProxy section */

/* Begin PBXFileReference section */
		12C034EF2136D60B00EE22BB /* Game.swift */ = {isa = PBXFileReference; lastKnownFileType = sourcecode.swift; path = Game.swift; sourceTree = "<group>"; };
		12C034F42136DAF000EE22BB /* FrameAllNecessaryShotsTakenTests.swift */ = {isa = PBXFileReference; lastKnownFileType = sourcecode.swift; path = FrameAllNecessaryShotsTakenTests.swift; sourceTree = "<group>"; };
		12C034F62136DDE400EE22BB /* README.md */ = {isa = PBXFileReference; lastKnownFileType = net.daringfireball.markdown; path = README.md; sourceTree = "<group>"; };
		12C034F72136DDE400EE22BB /* LICENSE.md */ = {isa = PBXFileReference; lastKnownFileType = net.daringfireball.markdown; path = LICENSE.md; sourceTree = "<group>"; };
		12C034F821370E8700EE22BB /* Node.swift */ = {isa = PBXFileReference; lastKnownFileType = sourcecode.swift; path = Node.swift; sourceTree = "<group>"; };
		12C034FA21371A4500EE22BB /* Player.swift */ = {isa = PBXFileReference; lastKnownFileType = sourcecode.swift; path = Player.swift; sourceTree = "<group>"; };
		12C034FC21371A5500EE22BB /* PlayerFrames.swift */ = {isa = PBXFileReference; lastKnownFileType = sourcecode.swift; path = PlayerFrames.swift; sourceTree = "<group>"; };
		12C0350021371A8200EE22BB /* ScoreCalculationError.swift */ = {isa = PBXFileReference; lastKnownFileType = sourcecode.swift; path = ScoreCalculationError.swift; sourceTree = "<group>"; };
		12C0350221371A9800EE22BB /* Frame.swift */ = {isa = PBXFileReference; lastKnownFileType = sourcecode.swift; path = Frame.swift; sourceTree = "<group>"; };
		12C0350421371AB800EE22BB /* Shot.swift */ = {isa = PBXFileReference; lastKnownFileType = sourcecode.swift; path = Shot.swift; sourceTree = "<group>"; };
		12D238FB213C30F500FE7CFE /* WelcomeCoordinator.swift */ = {isa = PBXFileReference; lastKnownFileType = sourcecode.swift; path = WelcomeCoordinator.swift; sourceTree = "<group>"; };
		12D238FD213C37E000FE7CFE /* CoreDataController.swift */ = {isa = PBXFileReference; lastKnownFileType = sourcecode.swift; path = CoreDataController.swift; sourceTree = "<group>"; };
		12D23902213C546300FE7CFE /* AppCoordinator.swift */ = {isa = PBXFileReference; lastKnownFileType = sourcecode.swift; path = AppCoordinator.swift; sourceTree = "<group>"; };
		12D23905213C621000FE7CFE /* EnterTextViewModelType.swift */ = {isa = PBXFileReference; lastKnownFileType = sourcecode.swift; path = EnterTextViewModelType.swift; sourceTree = "<group>"; };
		12D23907213C622B00FE7CFE /* EnterTextViewModel.swift */ = {isa = PBXFileReference; lastKnownFileType = sourcecode.swift; path = EnterTextViewModel.swift; sourceTree = "<group>"; };
		12D2390A213C89BE00FE7CFE /* GamesTableViewController.swift */ = {isa = PBXFileReference; lastKnownFileType = sourcecode.swift; path = GamesTableViewController.swift; sourceTree = "<group>"; };
		12D2390C213C8A3600FE7CFE /* Games.storyboard */ = {isa = PBXFileReference; lastKnownFileType = file.storyboard; path = Games.storyboard; sourceTree = "<group>"; };
		12D23911213D3C2800FE7CFE /* MainCoordinator.swift */ = {isa = PBXFileReference; lastKnownFileType = sourcecode.swift; path = MainCoordinator.swift; sourceTree = "<group>"; };
		12D23914213D3C5900FE7CFE /* GameData.swift */ = {isa = PBXFileReference; lastKnownFileType = sourcecode.swift; path = GameData.swift; sourceTree = "<group>"; };
		12D27BEE213D84B5009D0D6F /* GameTurnTests.swift */ = {isa = PBXFileReference; lastKnownFileType = sourcecode.swift; path = GameTurnTests.swift; sourceTree = "<group>"; };
		12D27BF0213D8C2B009D0D6F /* GameDelegate.swift */ = {isa = PBXFileReference; lastKnownFileType = sourcecode.swift; path = GameDelegate.swift; sourceTree = "<group>"; };
		12D27BF2213D8C9E009D0D6F /* GameSettings.swift */ = {isa = PBXFileReference; lastKnownFileType = sourcecode.swift; path = GameSettings.swift; sourceTree = "<group>"; };
		12D27BF4213D8CC4009D0D6F /* UserProfile.swift */ = {isa = PBXFileReference; lastKnownFileType = sourcecode.swift; path = UserProfile.swift; sourceTree = "<group>"; };
		12D27BF7213D8D31009D0D6F /* UserProfileDetails.swift */ = {isa = PBXFileReference; lastKnownFileType = sourcecode.swift; path = UserProfileDetails.swift; sourceTree = "<group>"; };
		12D27BF9213D8D38009D0D6F /* ProfileController.swift */ = {isa = PBXFileReference; lastKnownFileType = sourcecode.swift; path = ProfileController.swift; sourceTree = "<group>"; };
		12D27BFB213D8E2D009D0D6F /* NicknameValidationError.swift */ = {isa = PBXFileReference; lastKnownFileType = sourcecode.swift; path = NicknameValidationError.swift; sourceTree = "<group>"; };
		12D27BFD213D8E89009D0D6F /* GamesViewModel.swift */ = {isa = PBXFileReference; lastKnownFileType = sourcecode.swift; path = GamesViewModel.swift; sourceTree = "<group>"; };
		12D27BFF213D8EC7009D0D6F /* TakeShotDelegate.swift */ = {isa = PBXFileReference; lastKnownFileType = sourcecode.swift; path = TakeShotDelegate.swift; sourceTree = "<group>"; };
		12D27C01213D8EE5009D0D6F /* GameViewModel.swift */ = {isa = PBXFileReference; lastKnownFileType = sourcecode.swift; path = GameViewModel.swift; sourceTree = "<group>"; };
		12D27C03213D9058009D0D6F /* EnterTextViewFactory.swift */ = {isa = PBXFileReference; lastKnownFileType = sourcecode.swift; path = EnterTextViewFactory.swift; sourceTree = "<group>"; };
		12D640C6213D7D4E0064AA5C /* GameTableViewCell.swift */ = {isa = PBXFileReference; lastKnownFileType = sourcecode.swift; path = GameTableViewCell.swift; sourceTree = "<group>"; };
		12D640C8213D7D7D0064AA5C /* GameCellViewModel.swift */ = {isa = PBXFileReference; lastKnownFileType = sourcecode.swift; path = GameCellViewModel.swift; sourceTree = "<group>"; };
		12E929BD2136CE9D00B04385 /* BowlingScoreboard.app */ = {isa = PBXFileReference; explicitFileType = wrapper.application; includeInIndex = 0; path = BowlingScoreboard.app; sourceTree = BUILT_PRODUCTS_DIR; };
		12E929C02136CE9D00B04385 /* AppDelegate.swift */ = {isa = PBXFileReference; lastKnownFileType = sourcecode.swift; path = AppDelegate.swift; sourceTree = "<group>"; };
		12E929C82136CE9D00B04385 /* BowlingScoreboard.xcdatamodel */ = {isa = PBXFileReference; lastKnownFileType = wrapper.xcdatamodel; path = BowlingScoreboard.xcdatamodel; sourceTree = "<group>"; };
		12E929CA2136CE9F00B04385 /* Assets.xcassets */ = {isa = PBXFileReference; lastKnownFileType = folder.assetcatalog; path = Assets.xcassets; sourceTree = "<group>"; };
		12E929CD2136CE9F00B04385 /* Base */ = {isa = PBXFileReference; lastKnownFileType = file.storyboard; name = Base; path = Base.lproj/LaunchScreen.storyboard; sourceTree = "<group>"; };
		12E929CF2136CE9F00B04385 /* Info.plist */ = {isa = PBXFileReference; lastKnownFileType = text.plist.xml; path = Info.plist; sourceTree = "<group>"; };
		12E929D42136CE9F00B04385 /* BowlingScoreboardTests.xctest */ = {isa = PBXFileReference; explicitFileType = wrapper.cfbundle; includeInIndex = 0; path = BowlingScoreboardTests.xctest; sourceTree = BUILT_PRODUCTS_DIR; };
		12E929DA2136CE9F00B04385 /* Info.plist */ = {isa = PBXFileReference; lastKnownFileType = text.plist.xml; path = Info.plist; sourceTree = "<group>"; };
		12E929DF2136CE9F00B04385 /* BowlingScoreboardUITests.xctest */ = {isa = PBXFileReference; explicitFileType = wrapper.cfbundle; includeInIndex = 0; path = BowlingScoreboardUITests.xctest; sourceTree = BUILT_PRODUCTS_DIR; };
		12E929E52136CE9F00B04385 /* Info.plist */ = {isa = PBXFileReference; lastKnownFileType = text.plist.xml; path = Info.plist; sourceTree = "<group>"; };
		12EE8FFA21374CED00F08F96 /* LaunchUITests.swift */ = {isa = PBXFileReference; lastKnownFileType = sourcecode.swift; path = LaunchUITests.swift; sourceTree = "<group>"; };
		12EE8FFC2138278000F08F96 /* FrameCollectionRunningTotalScoreTests.swift */ = {isa = PBXFileReference; lastKnownFileType = sourcecode.swift; path = FrameCollectionRunningTotalScoreTests.swift; sourceTree = "<group>"; };
		12EE8FFE21382C5500F08F96 /* Log.swift */ = {isa = PBXFileReference; lastKnownFileType = sourcecode.swift; path = Log.swift; sourceTree = "<group>"; };
		12FD3BBC213861A0000076EB /* FrameCollection.swift */ = {isa = PBXFileReference; fileEncoding = 4; lastKnownFileType = sourcecode.swift; path = FrameCollection.swift; sourceTree = "<group>"; };
		12FD3BBE213AC421000076EB /* TakeShotError.swift */ = {isa = PBXFileReference; lastKnownFileType = sourcecode.swift; path = TakeShotError.swift; sourceTree = "<group>"; };
		12FD3BC0213AC43F000076EB /* PinsKnockedDown.swift */ = {isa = PBXFileReference; lastKnownFileType = sourcecode.swift; path = PinsKnockedDown.swift; sourceTree = "<group>"; };
		12FD3BC2213AC49C000076EB /* FrameScore.swift */ = {isa = PBXFileReference; lastKnownFileType = sourcecode.swift; path = FrameScore.swift; sourceTree = "<group>"; };
		12FD3BC8213AC5A9000076EB /* FrameCollectionInitializationTests.swift */ = {isa = PBXFileReference; lastKnownFileType = sourcecode.swift; path = FrameCollectionInitializationTests.swift; sourceTree = "<group>"; };
		12FD3BCA213AC5FA000076EB /* FrameInitializationTests.swift */ = {isa = PBXFileReference; lastKnownFileType = sourcecode.swift; path = FrameInitializationTests.swift; sourceTree = "<group>"; };
		12FD3BCD213AD652000076EB /* GameViewController.swift */ = {isa = PBXFileReference; lastKnownFileType = sourcecode.swift; path = GameViewController.swift; sourceTree = "<group>"; };
		12FD3BD0213AD692000076EB /* FramesCollectionViewController.swift */ = {isa = PBXFileReference; lastKnownFileType = sourcecode.swift; path = FramesCollectionViewController.swift; sourceTree = "<group>"; };
		12FD3BD2213AD6CC000076EB /* AvailableShotsCollectionViewController.swift */ = {isa = PBXFileReference; lastKnownFileType = sourcecode.swift; path = AvailableShotsCollectionViewController.swift; sourceTree = "<group>"; };
		12FD3BD6213ADB8E000076EB /* CenterCollectionViewFlowLayout.swift */ = {isa = PBXFileReference; lastKnownFileType = sourcecode.swift; path = CenterCollectionViewFlowLayout.swift; sourceTree = "<group>"; };
		12FD3BD8213AE8FC000076EB /* .swiftlint.yml */ = {isa = PBXFileReference; lastKnownFileType = text; path = .swiftlint.yml; sourceTree = "<group>"; };
		12FD3BF2213B121E000076EB /* Game.storyboard */ = {isa = PBXFileReference; lastKnownFileType = file.storyboard; path = Game.storyboard; sourceTree = SOURCE_ROOT; };
		12FD3BF4213B2C0C000076EB /* FramesCollectionViewFlowLayout.swift */ = {isa = PBXFileReference; lastKnownFileType = sourcecode.swift; path = FramesCollectionViewFlowLayout.swift; sourceTree = "<group>"; };
		12FD3BF6213B3DF2000076EB /* ShotCollectionViewCell.xib */ = {isa = PBXFileReference; fileEncoding = 4; lastKnownFileType = file.xib; path = ShotCollectionViewCell.xib; sourceTree = "<group>"; };
		12FD3BF7213B3DF2000076EB /* ShotCollectionViewCell.swift */ = {isa = PBXFileReference; fileEncoding = 4; lastKnownFileType = sourcecode.swift; path = ShotCollectionViewCell.swift; sourceTree = "<group>"; };
		12FD3BFA213B3E00000076EB /* FrameCollectionViewCell.xib */ = {isa = PBXFileReference; fileEncoding = 4; lastKnownFileType = file.xib; path = FrameCollectionViewCell.xib; sourceTree = "<group>"; };
		12FD3BFB213B3E00000076EB /* FrameCollectionViewCell.swift */ = {isa = PBXFileReference; fileEncoding = 4; lastKnownFileType = sourcecode.swift; path = FrameCollectionViewCell.swift; sourceTree = "<group>"; };
		12FD3BFC213B3E00000076EB /* FrameInfo.swift */ = {isa = PBXFileReference; fileEncoding = 4; lastKnownFileType = sourcecode.swift; path = FrameInfo.swift; sourceTree = "<group>"; };
		12FD3C06213B4410000076EB /* FrameViewModel.swift */ = {isa = PBXFileReference; lastKnownFileType = sourcecode.swift; path = FrameViewModel.swift; sourceTree = "<group>"; };
		12FD3C08213B524D000076EB /* ShotViewModel.swift */ = {isa = PBXFileReference; lastKnownFileType = sourcecode.swift; path = ShotViewModel.swift; sourceTree = "<group>"; };
		12FD3C0B213C27FC000076EB /* EnterTextViewController.swift */ = {isa = PBXFileReference; lastKnownFileType = sourcecode.swift; path = EnterTextViewController.swift; sourceTree = "<group>"; };
		12FD3C0D213C2822000076EB /* EnterTextViewController.storyboard */ = {isa = PBXFileReference; lastKnownFileType = file.storyboard; path = EnterTextViewController.storyboard; sourceTree = "<group>"; };
/* End PBXFileReference section */

/* Begin PBXFrameworksBuildPhase section */
		12E929BA2136CE9D00B04385 /* Frameworks */ = {
			isa = PBXFrameworksBuildPhase;
			buildActionMask = 2147483647;
			files = (
			);
			runOnlyForDeploymentPostprocessing = 0;
		};
		12E929D12136CE9F00B04385 /* Frameworks */ = {
			isa = PBXFrameworksBuildPhase;
			buildActionMask = 2147483647;
			files = (
			);
			runOnlyForDeploymentPostprocessing = 0;
		};
		12E929DC2136CE9F00B04385 /* Frameworks */ = {
			isa = PBXFrameworksBuildPhase;
			buildActionMask = 2147483647;
			files = (
			);
			runOnlyForDeploymentPostprocessing = 0;
		};
/* End PBXFrameworksBuildPhase section */

/* Begin PBXGroup section */
		12C034EE2136D5F000EE22BB /* Game Logic */ = {
			isa = PBXGroup;
			children = (
				12FD3BC4213AC4DE000076EB /* Error */,
				12C034EF2136D60B00EE22BB /* Game.swift */,
				12D27BF2213D8C9E009D0D6F /* GameSettings.swift */,
				12D27BF0213D8C2B009D0D6F /* GameDelegate.swift */,
				12FD3BBC213861A0000076EB /* FrameCollection.swift */,
				12C0350421371AB800EE22BB /* Shot.swift */,
				12FD3C08213B524D000076EB /* ShotViewModel.swift */,
				12FD3BC0213AC43F000076EB /* PinsKnockedDown.swift */,
				12C0350221371A9800EE22BB /* Frame.swift */,
				12FD3BFC213B3E00000076EB /* FrameInfo.swift */,
				12FD3BC2213AC49C000076EB /* FrameScore.swift */,
				12C034FA21371A4500EE22BB /* Player.swift */,
				12C034FC21371A5500EE22BB /* PlayerFrames.swift */,
			);
			path = "Game Logic";
			sourceTree = "<group>";
		};
		12C034F22136DAE300EE22BB /* Game */ = {
			isa = PBXGroup;
			children = (
				12D27BEE213D84B5009D0D6F /* GameTurnTests.swift */,
				12C034F42136DAF000EE22BB /* FrameAllNecessaryShotsTakenTests.swift */,
				12FD3BCA213AC5FA000076EB /* FrameInitializationTests.swift */,
				12EE8FFC2138278000F08F96 /* FrameCollectionRunningTotalScoreTests.swift */,
				12FD3BC8213AC5A9000076EB /* FrameCollectionInitializationTests.swift */,
			);
			path = Game;
			sourceTree = "<group>";
		};
		12D23901213C545900FE7CFE /* App */ = {
			isa = PBXGroup;
			children = (
				12E929C02136CE9D00B04385 /* AppDelegate.swift */,
				12D23902213C546300FE7CFE /* AppCoordinator.swift */,
				12D23911213D3C2800FE7CFE /* MainCoordinator.swift */,
			);
			path = App;
			sourceTree = "<group>";
		};
		12D23904213C61F200FE7CFE /* EnterTextView */ = {
			isa = PBXGroup;
			children = (
				12D23905213C621000FE7CFE /* EnterTextViewModelType.swift */,
				12D23907213C622B00FE7CFE /* EnterTextViewModel.swift */,
				12FD3C0B213C27FC000076EB /* EnterTextViewController.swift */,
				12FD3C0D213C2822000076EB /* EnterTextViewController.storyboard */,
				12D27C03213D9058009D0D6F /* EnterTextViewFactory.swift */,
			);
			path = EnterTextView;
			sourceTree = "<group>";
		};
		12D23909213C89AA00FE7CFE /* Games List */ = {
			isa = PBXGroup;
			children = (
				12D640C6213D7D4E0064AA5C /* GameTableViewCell.swift */,
				12D640C8213D7D7D0064AA5C /* GameCellViewModel.swift */,
				12D2390A213C89BE00FE7CFE /* GamesTableViewController.swift */,
				12D27BFD213D8E89009D0D6F /* GamesViewModel.swift */,
				12D2390C213C8A3600FE7CFE /* Games.storyboard */,
			);
			path = "Games List";
			sourceTree = "<group>";
		};
		12D2390F213D3B6D00FE7CFE /* Common */ = {
			isa = PBXGroup;
			children = (
				12D23910213D3B7B00FE7CFE /* Utility */,
				12D23904213C61F200FE7CFE /* EnterTextView */,
			);
			path = Common;
			sourceTree = "<group>";
		};
		12D23910213D3B7B00FE7CFE /* Utility */ = {
			isa = PBXGroup;
			children = (
				12EE8FFE21382C5500F08F96 /* Log.swift */,
				12C034F821370E8700EE22BB /* Node.swift */,
			);
			path = Utility;
			sourceTree = "<group>";
		};
		12D23913213D3C4400FE7CFE /* CoreData */ = {
			isa = PBXGroup;
			children = (
				12D238FD213C37E000FE7CFE /* CoreDataController.swift */,
				12E929C72136CE9D00B04385 /* BowlingScoreboard.xcdatamodeld */,
				12D27BF6213D8CD8009D0D6F /* ManagedObjectModel Extensions */,
			);
			path = CoreData;
			sourceTree = "<group>";
		};
		12D27BF6213D8CD8009D0D6F /* ManagedObjectModel Extensions */ = {
			isa = PBXGroup;
			children = (
				12D23914213D3C5900FE7CFE /* GameData.swift */,
				12D27BF4213D8CC4009D0D6F /* UserProfile.swift */,
			);
			path = "ManagedObjectModel Extensions";
			sourceTree = "<group>";
		};
		12E929B42136CE9D00B04385 = {
			isa = PBXGroup;
			children = (
				12FD3BD8213AE8FC000076EB /* .swiftlint.yml */,
				12C034F62136DDE400EE22BB /* README.md */,
				12C034F72136DDE400EE22BB /* LICENSE.md */,
				12E929BF2136CE9D00B04385 /* BowlingScoreboard */,
				12E929D72136CE9F00B04385 /* BowlingScoreboardTests */,
				12E929E22136CE9F00B04385 /* BowlingScoreboardUITests */,
				12E929BE2136CE9D00B04385 /* Products */,
			);
			sourceTree = "<group>";
		};
		12E929BE2136CE9D00B04385 /* Products */ = {
			isa = PBXGroup;
			children = (
				12E929BD2136CE9D00B04385 /* BowlingScoreboard.app */,
				12E929D42136CE9F00B04385 /* BowlingScoreboardTests.xctest */,
				12E929DF2136CE9F00B04385 /* BowlingScoreboardUITests.xctest */,
			);
			name = Products;
			sourceTree = "<group>";
		};
		12E929BF2136CE9D00B04385 /* BowlingScoreboard */ = {
			isa = PBXGroup;
			children = (
				12D23913213D3C4400FE7CFE /* CoreData */,
				12D2390F213D3B6D00FE7CFE /* Common */,
				12C034EE2136D5F000EE22BB /* Game Logic */,
				12D23901213C545900FE7CFE /* App */,
				12FD3C0A213C27E2000076EB /* Welcome */,
				12D23909213C89AA00FE7CFE /* Games List */,
				12FD3BDB213AEAFB000076EB /* Game View */,
				12E929CA2136CE9F00B04385 /* Assets.xcassets */,
				12E929CC2136CE9F00B04385 /* LaunchScreen.storyboard */,
				12E929CF2136CE9F00B04385 /* Info.plist */,
			);
			path = BowlingScoreboard;
			sourceTree = "<group>";
		};
		12E929D72136CE9F00B04385 /* BowlingScoreboardTests */ = {
			isa = PBXGroup;
			children = (
				12C034F22136DAE300EE22BB /* Game */,
				12E929DA2136CE9F00B04385 /* Info.plist */,
			);
			path = BowlingScoreboardTests;
			sourceTree = "<group>";
		};
		12E929E22136CE9F00B04385 /* BowlingScoreboardUITests */ = {
			isa = PBXGroup;
			children = (
				12E929E52136CE9F00B04385 /* Info.plist */,
				12EE8FFA21374CED00F08F96 /* LaunchUITests.swift */,
			);
			path = BowlingScoreboardUITests;
			sourceTree = "<group>";
		};
		12FD3BC4213AC4DE000076EB /* Error */ = {
			isa = PBXGroup;
			children = (
				12FD3BBE213AC421000076EB /* TakeShotError.swift */,
				12C0350021371A8200EE22BB /* ScoreCalculationError.swift */,
			);
			path = Error;
			sourceTree = "<group>";
		};
		12FD3BD9213AEAC2000076EB /* Available Shots View */ = {
			isa = PBXGroup;
			children = (
				12FD3BF7213B3DF2000076EB /* ShotCollectionViewCell.swift */,
				12FD3BF6213B3DF2000076EB /* ShotCollectionViewCell.xib */,
				12FD3BD2213AD6CC000076EB /* AvailableShotsCollectionViewController.swift */,
				12FD3BD6213ADB8E000076EB /* CenterCollectionViewFlowLayout.swift */,
			);
			path = "Available Shots View";
			sourceTree = "<group>";
		};
		12FD3BDA213AEAF0000076EB /* Frames View */ = {
			isa = PBXGroup;
			children = (
				12FD3C06213B4410000076EB /* FrameViewModel.swift */,
				12FD3BFB213B3E00000076EB /* FrameCollectionViewCell.swift */,
				12FD3BFA213B3E00000076EB /* FrameCollectionViewCell.xib */,
				12FD3BD0213AD692000076EB /* FramesCollectionViewController.swift */,
				12FD3BF4213B2C0C000076EB /* FramesCollectionViewFlowLayout.swift */,
			);
			path = "Frames View";
			sourceTree = "<group>";
		};
		12FD3BDB213AEAFB000076EB /* Game View */ = {
			isa = PBXGroup;
			children = (
				12FD3BCD213AD652000076EB /* GameViewController.swift */,
				12D27C01213D8EE5009D0D6F /* GameViewModel.swift */,
				12D27BFF213D8EC7009D0D6F /* TakeShotDelegate.swift */,
				12FD3BF2213B121E000076EB /* Game.storyboard */,
				12FD3BDA213AEAF0000076EB /* Frames View */,
				12FD3BD9213AEAC2000076EB /* Available Shots View */,
			);
			path = "Game View";
			sourceTree = "<group>";
		};
		12FD3C0A213C27E2000076EB /* Welcome */ = {
			isa = PBXGroup;
			children = (
				12D238FB213C30F500FE7CFE /* WelcomeCoordinator.swift */,
				12D27BF7213D8D31009D0D6F /* UserProfileDetails.swift */,
				12D27BF9213D8D38009D0D6F /* ProfileController.swift */,
				12D27BFB213D8E2D009D0D6F /* NicknameValidationError.swift */,
			);
			path = Welcome;
			sourceTree = "<group>";
		};
/* End PBXGroup section */

/* Begin PBXNativeTarget section */
		12E929BC2136CE9D00B04385 /* BowlingScoreboard */ = {
			isa = PBXNativeTarget;
			buildConfigurationList = 12E929E82136CE9F00B04385 /* Build configuration list for PBXNativeTarget "BowlingScoreboard" */;
			buildPhases = (
				12E929B92136CE9D00B04385 /* Sources */,
				12E929BA2136CE9D00B04385 /* Frameworks */,
				12E929BB2136CE9D00B04385 /* Resources */,
				12C034F12136D77000EE22BB /* Swiftlint */,
			);
			buildRules = (
			);
			dependencies = (
			);
			name = BowlingScoreboard;
			productName = BowlingScoreboard;
			productReference = 12E929BD2136CE9D00B04385 /* BowlingScoreboard.app */;
			productType = "com.apple.product-type.application";
		};
		12E929D32136CE9F00B04385 /* BowlingScoreboardTests */ = {
			isa = PBXNativeTarget;
			buildConfigurationList = 12E929EB2136CE9F00B04385 /* Build configuration list for PBXNativeTarget "BowlingScoreboardTests" */;
			buildPhases = (
				12E929D02136CE9F00B04385 /* Sources */,
				12E929D12136CE9F00B04385 /* Frameworks */,
				12E929D22136CE9F00B04385 /* Resources */,
			);
			buildRules = (
			);
			dependencies = (
				12E929D62136CE9F00B04385 /* PBXTargetDependency */,
			);
			name = BowlingScoreboardTests;
			productName = BowlingScoreboardTests;
			productReference = 12E929D42136CE9F00B04385 /* BowlingScoreboardTests.xctest */;
			productType = "com.apple.product-type.bundle.unit-test";
		};
		12E929DE2136CE9F00B04385 /* BowlingScoreboardUITests */ = {
			isa = PBXNativeTarget;
			buildConfigurationList = 12E929EE2136CE9F00B04385 /* Build configuration list for PBXNativeTarget "BowlingScoreboardUITests" */;
			buildPhases = (
				12E929DB2136CE9F00B04385 /* Sources */,
				12E929DC2136CE9F00B04385 /* Frameworks */,
				12E929DD2136CE9F00B04385 /* Resources */,
			);
			buildRules = (
			);
			dependencies = (
				12E929E12136CE9F00B04385 /* PBXTargetDependency */,
			);
			name = BowlingScoreboardUITests;
			productName = BowlingScoreboardUITests;
			productReference = 12E929DF2136CE9F00B04385 /* BowlingScoreboardUITests.xctest */;
			productType = "com.apple.product-type.bundle.ui-testing";
		};
/* End PBXNativeTarget section */

/* Begin PBXProject section */
		12E929B52136CE9D00B04385 /* Project object */ = {
			isa = PBXProject;
			attributes = {
				LastSwiftUpdateCheck = 0940;
				LastUpgradeCheck = 0940;
				ORGANIZATIONNAME = "Joshua Finch";
				TargetAttributes = {
					12E929BC2136CE9D00B04385 = {
						CreatedOnToolsVersion = 9.4.1;
					};
					12E929D32136CE9F00B04385 = {
						CreatedOnToolsVersion = 9.4.1;
						LastSwiftMigration = 0940;
						TestTargetID = 12E929BC2136CE9D00B04385;
					};
					12E929DE2136CE9F00B04385 = {
						CreatedOnToolsVersion = 9.4.1;
						LastSwiftMigration = 0940;
						TestTargetID = 12E929BC2136CE9D00B04385;
					};
				};
			};
			buildConfigurationList = 12E929B82136CE9D00B04385 /* Build configuration list for PBXProject "BowlingScoreboard" */;
			compatibilityVersion = "Xcode 9.3";
			developmentRegion = en;
			hasScannedForEncodings = 0;
			knownRegions = (
				en,
				Base,
			);
			mainGroup = 12E929B42136CE9D00B04385;
			productRefGroup = 12E929BE2136CE9D00B04385 /* Products */;
			projectDirPath = "";
			projectRoot = "";
			targets = (
				12E929BC2136CE9D00B04385 /* BowlingScoreboard */,
				12E929D32136CE9F00B04385 /* BowlingScoreboardTests */,
				12E929DE2136CE9F00B04385 /* BowlingScoreboardUITests */,
			);
		};
/* End PBXProject section */

/* Begin PBXResourcesBuildPhase section */
		12E929BB2136CE9D00B04385 /* Resources */ = {
			isa = PBXResourcesBuildPhase;
			buildActionMask = 2147483647;
			files = (
				12FD3BF3213B121E000076EB /* Game.storyboard in Resources */,
				12E929CE2136CE9F00B04385 /* LaunchScreen.storyboard in Resources */,
				12E929CB2136CE9F00B04385 /* Assets.xcassets in Resources */,
				12D2390D213C8A3600FE7CFE /* Games.storyboard in Resources */,
				12FD3C00213B3E01000076EB /* FrameCollectionViewCell.xib in Resources */,
				12FD3BF8213B3DF2000076EB /* ShotCollectionViewCell.xib in Resources */,
				12FD3C0E213C2822000076EB /* EnterTextViewController.storyboard in Resources */,
			);
			runOnlyForDeploymentPostprocessing = 0;
		};
		12E929D22136CE9F00B04385 /* Resources */ = {
			isa = PBXResourcesBuildPhase;
			buildActionMask = 2147483647;
			files = (
			);
			runOnlyForDeploymentPostprocessing = 0;
		};
		12E929DD2136CE9F00B04385 /* Resources */ = {
			isa = PBXResourcesBuildPhase;
			buildActionMask = 2147483647;
			files = (
			);
			runOnlyForDeploymentPostprocessing = 0;
		};
/* End PBXResourcesBuildPhase section */

/* Begin PBXShellScriptBuildPhase section */
		12C034F12136D77000EE22BB /* Swiftlint */ = {
			isa = PBXShellScriptBuildPhase;
			buildActionMask = 2147483647;
			files = (
			);
			inputPaths = (
			);
			name = Swiftlint;
			outputPaths = (
			);
			runOnlyForDeploymentPostprocessing = 0;
			shellPath = /bin/sh;
			shellScript = "if which swiftlint >/dev/null; then\n    swiftlint\nelse\n    echo \"warning: SwiftLint not installed, download from https://github.com/realm/SwiftLint\"\nfi";
		};
/* End PBXShellScriptBuildPhase section */

/* Begin PBXSourcesBuildPhase section */
		12E929B92136CE9D00B04385 /* Sources */ = {
			isa = PBXSourcesBuildPhase;
			buildActionMask = 2147483647;
			files = (
				12D23908213C622B00FE7CFE /* EnterTextViewModel.swift in Sources */,
				12FD3C09213B524D000076EB /* ShotViewModel.swift in Sources */,
				12FD3BD7213ADB8E000076EB /* CenterCollectionViewFlowLayout.swift in Sources */,
				12C034FD21371A5500EE22BB /* PlayerFrames.swift in Sources */,
				12D23915213D3C5900FE7CFE /* GameData.swift in Sources */,
				12D640C7213D7D4E0064AA5C /* GameTableViewCell.swift in Sources */,
				12D238FC213C30F500FE7CFE /* WelcomeCoordinator.swift in Sources */,
				12D640C9213D7D7D0064AA5C /* GameCellViewModel.swift in Sources */,
				12D27BF8213D8D31009D0D6F /* UserProfileDetails.swift in Sources */,
				12D2390B213C89BE00FE7CFE /* GamesTableViewController.swift in Sources */,
				12EE8FFF21382C5500F08F96 /* Log.swift in Sources */,
				12D238FE213C37E000FE7CFE /* CoreDataController.swift in Sources */,
				12C034F921370E8700EE22BB /* Node.swift in Sources */,
				12C0350521371AB800EE22BB /* Shot.swift in Sources */,
				12D23903213C546300FE7CFE /* AppCoordinator.swift in Sources */,
				12D27BFA213D8D38009D0D6F /* ProfileController.swift in Sources */,
				12D27BF5213D8CC4009D0D6F /* UserProfile.swift in Sources */,
				12D27C04213D9058009D0D6F /* EnterTextViewFactory.swift in Sources */,
				12FD3C07213B4410000076EB /* FrameViewModel.swift in Sources */,
				12FD3C02213B3E01000076EB /* FrameInfo.swift in Sources */,
				12FD3BD1213AD692000076EB /* FramesCollectionViewController.swift in Sources */,
				12E929C92136CE9D00B04385 /* BowlingScoreboard.xcdatamodeld in Sources */,
				12C0350121371A8200EE22BB /* ScoreCalculationError.swift in Sources */,
				12FD3BBF213AC421000076EB /* TakeShotError.swift in Sources */,
				12E929C12136CE9D00B04385 /* AppDelegate.swift in Sources */,
				12FD3BC1213AC440000076EB /* PinsKnockedDown.swift in Sources */,
				12D27C00213D8EC7009D0D6F /* TakeShotDelegate.swift in Sources */,
				12C034FB21371A4500EE22BB /* Player.swift in Sources */,
				12C034F02136D60B00EE22BB /* Game.swift in Sources */,
				12FD3BCE213AD652000076EB /* GameViewController.swift in Sources */,
				12FD3C01213B3E01000076EB /* FrameCollectionViewCell.swift in Sources */,
				12D27BFC213D8E2D009D0D6F /* NicknameValidationError.swift in Sources */,
				12D27BF3213D8C9E009D0D6F /* GameSettings.swift in Sources */,
				12FD3BBD213861A0000076EB /* FrameCollection.swift in Sources */,
				12C0350321371A9800EE22BB /* Frame.swift in Sources */,
				12D23912213D3C2800FE7CFE /* MainCoordinator.swift in Sources */,
				12FD3BF5213B2C0C000076EB /* FramesCollectionViewFlowLayout.swift in Sources */,
				12D27C02213D8EE5009D0D6F /* GameViewModel.swift in Sources */,
				12D27BF1213D8C2B009D0D6F /* GameDelegate.swift in Sources */,
				12FD3BD3213AD6CC000076EB /* AvailableShotsCollectionViewController.swift in Sources */,
				12D23906213C621000FE7CFE /* EnterTextViewModelType.swift in Sources */,
				12D27BFE213D8E89009D0D6F /* GamesViewModel.swift in Sources */,
				12FD3BC3213AC49C000076EB /* FrameScore.swift in Sources */,
				12FD3C0C213C27FC000076EB /* EnterTextViewController.swift in Sources */,
				12FD3BF9213B3DF2000076EB /* ShotCollectionViewCell.swift in Sources */,
			);
			runOnlyForDeploymentPostprocessing = 0;
		};
		12E929D02136CE9F00B04385 /* Sources */ = {
			isa = PBXSourcesBuildPhase;
			buildActionMask = 2147483647;
			files = (
				12EE8FFD2138278000F08F96 /* FrameCollectionRunningTotalScoreTests.swift in Sources */,
				12C034F52136DAF000EE22BB /* FrameAllNecessaryShotsTakenTests.swift in Sources */,
				12D27BEF213D84B5009D0D6F /* GameTurnTests.swift in Sources */,
				12FD3BC9213AC5A9000076EB /* FrameCollectionInitializationTests.swift in Sources */,
				12FD3BCB213AC5FA000076EB /* FrameInitializationTests.swift in Sources */,
			);
			runOnlyForDeploymentPostprocessing = 0;
		};
		12E929DB2136CE9F00B04385 /* Sources */ = {
			isa = PBXSourcesBuildPhase;
			buildActionMask = 2147483647;
			files = (
				12EE8FFB21374CED00F08F96 /* LaunchUITests.swift in Sources */,
			);
			runOnlyForDeploymentPostprocessing = 0;
		};
/* End PBXSourcesBuildPhase section */

/* Begin PBXTargetDependency section */
		12E929D62136CE9F00B04385 /* PBXTargetDependency */ = {
			isa = PBXTargetDependency;
			target = 12E929BC2136CE9D00B04385 /* BowlingScoreboard */;
			targetProxy = 12E929D52136CE9F00B04385 /* PBXContainerItemProxy */;
		};
		12E929E12136CE9F00B04385 /* PBXTargetDependency */ = {
			isa = PBXTargetDependency;
			target = 12E929BC2136CE9D00B04385 /* BowlingScoreboard */;
			targetProxy = 12E929E02136CE9F00B04385 /* PBXContainerItemProxy */;
		};
/* End PBXTargetDependency section */

/* Begin PBXVariantGroup section */
		12E929CC2136CE9F00B04385 /* LaunchScreen.storyboard */ = {
			isa = PBXVariantGroup;
			children = (
				12E929CD2136CE9F00B04385 /* Base */,
			);
			name = LaunchScreen.storyboard;
			sourceTree = "<group>";
		};
/* End PBXVariantGroup section */

/* Begin XCBuildConfiguration section */
		12E929E62136CE9F00B04385 /* Debug */ = {
			isa = XCBuildConfiguration;
			buildSettings = {
				ALWAYS_SEARCH_USER_PATHS = NO;
				CLANG_ANALYZER_NONNULL = YES;
				CLANG_ANALYZER_NUMBER_OBJECT_CONVERSION = YES_AGGRESSIVE;
				CLANG_CXX_LANGUAGE_STANDARD = "gnu++14";
				CLANG_CXX_LIBRARY = "libc++";
				CLANG_ENABLE_MODULES = YES;
				CLANG_ENABLE_OBJC_ARC = YES;
				CLANG_ENABLE_OBJC_WEAK = YES;
				CLANG_WARN_BLOCK_CAPTURE_AUTORELEASING = YES;
				CLANG_WARN_BOOL_CONVERSION = YES;
				CLANG_WARN_COMMA = YES;
				CLANG_WARN_CONSTANT_CONVERSION = YES;
				CLANG_WARN_DEPRECATED_OBJC_IMPLEMENTATIONS = YES;
				CLANG_WARN_DIRECT_OBJC_ISA_USAGE = YES_ERROR;
				CLANG_WARN_DOCUMENTATION_COMMENTS = YES;
				CLANG_WARN_EMPTY_BODY = YES;
				CLANG_WARN_ENUM_CONVERSION = YES;
				CLANG_WARN_INFINITE_RECURSION = YES;
				CLANG_WARN_INT_CONVERSION = YES;
				CLANG_WARN_NON_LITERAL_NULL_CONVERSION = YES;
				CLANG_WARN_OBJC_IMPLICIT_RETAIN_SELF = YES;
				CLANG_WARN_OBJC_LITERAL_CONVERSION = YES;
				CLANG_WARN_OBJC_ROOT_CLASS = YES_ERROR;
				CLANG_WARN_RANGE_LOOP_ANALYSIS = YES;
				CLANG_WARN_STRICT_PROTOTYPES = YES;
				CLANG_WARN_SUSPICIOUS_MOVE = YES;
				CLANG_WARN_UNGUARDED_AVAILABILITY = YES_AGGRESSIVE;
				CLANG_WARN_UNREACHABLE_CODE = YES;
				CLANG_WARN__DUPLICATE_METHOD_MATCH = YES;
				CODE_SIGN_IDENTITY = "iPhone Developer";
				COPY_PHASE_STRIP = NO;
				DEBUG_INFORMATION_FORMAT = dwarf;
				ENABLE_STRICT_OBJC_MSGSEND = YES;
				ENABLE_TESTABILITY = YES;
				GCC_C_LANGUAGE_STANDARD = gnu11;
				GCC_DYNAMIC_NO_PIC = NO;
				GCC_NO_COMMON_BLOCKS = YES;
				GCC_OPTIMIZATION_LEVEL = 0;
				GCC_PREPROCESSOR_DEFINITIONS = (
					"DEBUG=1",
					"$(inherited)",
				);
				GCC_WARN_64_TO_32_BIT_CONVERSION = YES;
				GCC_WARN_ABOUT_RETURN_TYPE = YES_ERROR;
				GCC_WARN_UNDECLARED_SELECTOR = YES;
				GCC_WARN_UNINITIALIZED_AUTOS = YES_AGGRESSIVE;
				GCC_WARN_UNUSED_FUNCTION = YES;
				GCC_WARN_UNUSED_VARIABLE = YES;
				IPHONEOS_DEPLOYMENT_TARGET = 11.4;
				MTL_ENABLE_DEBUG_INFO = YES;
				ONLY_ACTIVE_ARCH = YES;
				SDKROOT = iphoneos;
				SWIFT_ACTIVE_COMPILATION_CONDITIONS = DEBUG;
				SWIFT_OPTIMIZATION_LEVEL = "-Onone";
			};
			name = Debug;
		};
		12E929E72136CE9F00B04385 /* Release */ = {
			isa = XCBuildConfiguration;
			buildSettings = {
				ALWAYS_SEARCH_USER_PATHS = NO;
				CLANG_ANALYZER_NONNULL = YES;
				CLANG_ANALYZER_NUMBER_OBJECT_CONVERSION = YES_AGGRESSIVE;
				CLANG_CXX_LANGUAGE_STANDARD = "gnu++14";
				CLANG_CXX_LIBRARY = "libc++";
				CLANG_ENABLE_MODULES = YES;
				CLANG_ENABLE_OBJC_ARC = YES;
				CLANG_ENABLE_OBJC_WEAK = YES;
				CLANG_WARN_BLOCK_CAPTURE_AUTORELEASING = YES;
				CLANG_WARN_BOOL_CONVERSION = YES;
				CLANG_WARN_COMMA = YES;
				CLANG_WARN_CONSTANT_CONVERSION = YES;
				CLANG_WARN_DEPRECATED_OBJC_IMPLEMENTATIONS = YES;
				CLANG_WARN_DIRECT_OBJC_ISA_USAGE = YES_ERROR;
				CLANG_WARN_DOCUMENTATION_COMMENTS = YES;
				CLANG_WARN_EMPTY_BODY = YES;
				CLANG_WARN_ENUM_CONVERSION = YES;
				CLANG_WARN_INFINITE_RECURSION = YES;
				CLANG_WARN_INT_CONVERSION = YES;
				CLANG_WARN_NON_LITERAL_NULL_CONVERSION = YES;
				CLANG_WARN_OBJC_IMPLICIT_RETAIN_SELF = YES;
				CLANG_WARN_OBJC_LITERAL_CONVERSION = YES;
				CLANG_WARN_OBJC_ROOT_CLASS = YES_ERROR;
				CLANG_WARN_RANGE_LOOP_ANALYSIS = YES;
				CLANG_WARN_STRICT_PROTOTYPES = YES;
				CLANG_WARN_SUSPICIOUS_MOVE = YES;
				CLANG_WARN_UNGUARDED_AVAILABILITY = YES_AGGRESSIVE;
				CLANG_WARN_UNREACHABLE_CODE = YES;
				CLANG_WARN__DUPLICATE_METHOD_MATCH = YES;
				CODE_SIGN_IDENTITY = "iPhone Developer";
				COPY_PHASE_STRIP = NO;
				DEBUG_INFORMATION_FORMAT = "dwarf-with-dsym";
				ENABLE_NS_ASSERTIONS = NO;
				ENABLE_STRICT_OBJC_MSGSEND = YES;
				GCC_C_LANGUAGE_STANDARD = gnu11;
				GCC_NO_COMMON_BLOCKS = YES;
				GCC_WARN_64_TO_32_BIT_CONVERSION = YES;
				GCC_WARN_ABOUT_RETURN_TYPE = YES_ERROR;
				GCC_WARN_UNDECLARED_SELECTOR = YES;
				GCC_WARN_UNINITIALIZED_AUTOS = YES_AGGRESSIVE;
				GCC_WARN_UNUSED_FUNCTION = YES;
				GCC_WARN_UNUSED_VARIABLE = YES;
				IPHONEOS_DEPLOYMENT_TARGET = 11.4;
				MTL_ENABLE_DEBUG_INFO = NO;
				SDKROOT = iphoneos;
				SWIFT_COMPILATION_MODE = wholemodule;
				SWIFT_OPTIMIZATION_LEVEL = "-O";
				VALIDATE_PRODUCT = YES;
			};
			name = Release;
		};
		12E929E92136CE9F00B04385 /* Debug */ = {
			isa = XCBuildConfiguration;
			buildSettings = {
				ASSETCATALOG_COMPILER_APPICON_NAME = AppIcon;
				CODE_SIGN_STYLE = Automatic;
				DEVELOPMENT_TEAM = MV2JZMSBKV;
				INFOPLIST_FILE = BowlingScoreboard/Info.plist;
				LD_RUNPATH_SEARCH_PATHS = (
					"$(inherited)",
					"@executable_path/Frameworks",
				);
				PRODUCT_BUNDLE_IDENTIFIER = codes.joshua.BowlingScoreboard;
				PRODUCT_NAME = "$(TARGET_NAME)";
				SWIFT_VERSION = 4.0;
				TARGETED_DEVICE_FAMILY = "1,2";
			};
			name = Debug;
		};
		12E929EA2136CE9F00B04385 /* Release */ = {
			isa = XCBuildConfiguration;
			buildSettings = {
				ASSETCATALOG_COMPILER_APPICON_NAME = AppIcon;
				CODE_SIGN_STYLE = Automatic;
				DEVELOPMENT_TEAM = MV2JZMSBKV;
				INFOPLIST_FILE = BowlingScoreboard/Info.plist;
				LD_RUNPATH_SEARCH_PATHS = (
					"$(inherited)",
					"@executable_path/Frameworks",
				);
				PRODUCT_BUNDLE_IDENTIFIER = codes.joshua.BowlingScoreboard;
				PRODUCT_NAME = "$(TARGET_NAME)";
				SWIFT_VERSION = 4.0;
				TARGETED_DEVICE_FAMILY = "1,2";
			};
			name = Release;
		};
		12E929EC2136CE9F00B04385 /* Debug */ = {
			isa = XCBuildConfiguration;
			buildSettings = {
				ALWAYS_EMBED_SWIFT_STANDARD_LIBRARIES = YES;
				BUNDLE_LOADER = "$(TEST_HOST)";
				CLANG_ENABLE_MODULES = YES;
				CODE_SIGN_STYLE = Automatic;
				DEVELOPMENT_TEAM = MV2JZMSBKV;
				INFOPLIST_FILE = BowlingScoreboardTests/Info.plist;
				LD_RUNPATH_SEARCH_PATHS = (
					"$(inherited)",
					"@executable_path/Frameworks",
					"@loader_path/Frameworks",
				);
				PRODUCT_BUNDLE_IDENTIFIER = codes.joshua.BowlingScoreboardTests;
				PRODUCT_NAME = "$(TARGET_NAME)";
				SWIFT_OPTIMIZATION_LEVEL = "-Onone";
				SWIFT_VERSION = 4.0;
				TARGETED_DEVICE_FAMILY = "1,2";
				TEST_HOST = "$(BUILT_PRODUCTS_DIR)/BowlingScoreboard.app/BowlingScoreboard";
			};
			name = Debug;
		};
		12E929ED2136CE9F00B04385 /* Release */ = {
			isa = XCBuildConfiguration;
			buildSettings = {
				ALWAYS_EMBED_SWIFT_STANDARD_LIBRARIES = YES;
				BUNDLE_LOADER = "$(TEST_HOST)";
				CLANG_ENABLE_MODULES = YES;
				CODE_SIGN_STYLE = Automatic;
				DEVELOPMENT_TEAM = MV2JZMSBKV;
				INFOPLIST_FILE = BowlingScoreboardTests/Info.plist;
				LD_RUNPATH_SEARCH_PATHS = (
					"$(inherited)",
					"@executable_path/Frameworks",
					"@loader_path/Frameworks",
				);
				PRODUCT_BUNDLE_IDENTIFIER = codes.joshua.BowlingScoreboardTests;
				PRODUCT_NAME = "$(TARGET_NAME)";
				SWIFT_VERSION = 4.0;
				TARGETED_DEVICE_FAMILY = "1,2";
				TEST_HOST = "$(BUILT_PRODUCTS_DIR)/BowlingScoreboard.app/BowlingScoreboard";
			};
			name = Release;
		};
		12E929EF2136CE9F00B04385 /* Debug */ = {
			isa = XCBuildConfiguration;
			buildSettings = {
				ALWAYS_EMBED_SWIFT_STANDARD_LIBRARIES = YES;
				CLANG_ENABLE_MODULES = YES;
				CODE_SIGN_STYLE = Automatic;
				DEVELOPMENT_TEAM = MV2JZMSBKV;
				INFOPLIST_FILE = BowlingScoreboardUITests/Info.plist;
				LD_RUNPATH_SEARCH_PATHS = (
					"$(inherited)",
					"@executable_path/Frameworks",
					"@loader_path/Frameworks",
				);
				PRODUCT_BUNDLE_IDENTIFIER = codes.joshua.BowlingScoreboardUITests;
				PRODUCT_NAME = "$(TARGET_NAME)";
				SWIFT_OPTIMIZATION_LEVEL = "-Onone";
				SWIFT_VERSION = 4.0;
				TARGETED_DEVICE_FAMILY = "1,2";
				TEST_TARGET_NAME = BowlingScoreboard;
			};
			name = Debug;
		};
		12E929F02136CE9F00B04385 /* Release */ = {
			isa = XCBuildConfiguration;
			buildSettings = {
				ALWAYS_EMBED_SWIFT_STANDARD_LIBRARIES = YES;
				CLANG_ENABLE_MODULES = YES;
				CODE_SIGN_STYLE = Automatic;
				DEVELOPMENT_TEAM = MV2JZMSBKV;
				INFOPLIST_FILE = BowlingScoreboardUITests/Info.plist;
				LD_RUNPATH_SEARCH_PATHS = (
					"$(inherited)",
					"@executable_path/Frameworks",
					"@loader_path/Frameworks",
				);
				PRODUCT_BUNDLE_IDENTIFIER = codes.joshua.BowlingScoreboardUITests;
				PRODUCT_NAME = "$(TARGET_NAME)";
				SWIFT_VERSION = 4.0;
				TARGETED_DEVICE_FAMILY = "1,2";
				TEST_TARGET_NAME = BowlingScoreboard;
			};
			name = Release;
		};
/* End XCBuildConfiguration section */

/* Begin XCConfigurationList section */
		12E929B82136CE9D00B04385 /* Build configuration list for PBXProject "BowlingScoreboard" */ = {
			isa = XCConfigurationList;
			buildConfigurations = (
				12E929E62136CE9F00B04385 /* Debug */,
				12E929E72136CE9F00B04385 /* Release */,
			);
			defaultConfigurationIsVisible = 0;
			defaultConfigurationName = Release;
		};
		12E929E82136CE9F00B04385 /* Build configuration list for PBXNativeTarget "BowlingScoreboard" */ = {
			isa = XCConfigurationList;
			buildConfigurations = (
				12E929E92136CE9F00B04385 /* Debug */,
				12E929EA2136CE9F00B04385 /* Release */,
			);
			defaultConfigurationIsVisible = 0;
			defaultConfigurationName = Release;
		};
		12E929EB2136CE9F00B04385 /* Build configuration list for PBXNativeTarget "BowlingScoreboardTests" */ = {
			isa = XCConfigurationList;
			buildConfigurations = (
				12E929EC2136CE9F00B04385 /* Debug */,
				12E929ED2136CE9F00B04385 /* Release */,
			);
			defaultConfigurationIsVisible = 0;
			defaultConfigurationName = Release;
		};
		12E929EE2136CE9F00B04385 /* Build configuration list for PBXNativeTarget "BowlingScoreboardUITests" */ = {
			isa = XCConfigurationList;
			buildConfigurations = (
				12E929EF2136CE9F00B04385 /* Debug */,
				12E929F02136CE9F00B04385 /* Release */,
			);
			defaultConfigurationIsVisible = 0;
			defaultConfigurationName = Release;
		};
/* End XCConfigurationList section */

/* Begin XCVersionGroup section */
		12E929C72136CE9D00B04385 /* BowlingScoreboard.xcdatamodeld */ = {
			isa = XCVersionGroup;
			children = (
				12E929C82136CE9D00B04385 /* BowlingScoreboard.xcdatamodel */,
			);
			currentVersion = 12E929C82136CE9D00B04385 /* BowlingScoreboard.xcdatamodel */;
			path = BowlingScoreboard.xcdatamodeld;
			sourceTree = "<group>";
			versionGroupType = wrapper.xcdatamodel;
		};
/* End XCVersionGroup section */
	};
	rootObject = 12E929B52136CE9D00B04385 /* Project object */;
}
