// !$*UTF8*$!
{
	archiveVersion = 1;
	classes = {
	};
	objectVersion = 50;
	objects = {

/* Begin PBXBuildFile section */
		12E929C12136CE9D00B04385 /* AppDelegate.swift in Sources */ = {isa = PBXBuildFile; fileRef = 12E929C02136CE9D00B04385 /* AppDelegate.swift */; };
		12E929C32136CE9D00B04385 /* ViewController.swift in Sources */ = {isa = PBXBuildFile; fileRef = 12E929C22136CE9D00B04385 /* ViewController.swift */; };
		12E929C62136CE9D00B04385 /* Main.storyboard in Resources */ = {isa = PBXBuildFile; fileRef = 12E929C42136CE9D00B04385 /* Main.storyboard */; };
		12E929C92136CE9D00B04385 /* BowlingScoreboard.xcdatamodeld in Sources */ = {isa = PBXBuildFile; fileRef = 12E929C72136CE9D00B04385 /* BowlingScoreboard.xcdatamodeld */; };
		12E929CB2136CE9F00B04385 /* Assets.xcassets in Resources */ = {isa = PBXBuildFile; fileRef = 12E929CA2136CE9F00B04385 /* Assets.xcassets */; };
		12E929CE2136CE9F00B04385 /* LaunchScreen.storyboard in Resources */ = {isa = PBXBuildFile; fileRef = 12E929CC2136CE9F00B04385 /* LaunchScreen.storyboard */; };
		12E929D92136CE9F00B04385 /* BowlingScoreboardTests.swift in Sources */ = {isa = PBXBuildFile; fileRef = 12E929D82136CE9F00B04385 /* BowlingScoreboardTests.swift */; };
		12E929E42136CE9F00B04385 /* BowlingScoreboardUITests.swift in Sources */ = {isa = PBXBuildFile; fileRef = 12E929E32136CE9F00B04385 /* BowlingScoreboardUITests.swift */; };
/* End PBXBuildFile section */

/* Begin PBXContainerItemProxy section */
		12E929D52136CE9F00B04385 /* PBXContainerItemProxy */ = {
			isa = PBXContainerItemProxy;
			containerPortal = 12E929B52136CE9D00B04385 /* Project object */;
			proxyType = 1;
			remoteGlobalIDString = 12E929BC2136CE9D00B04385;
			remoteInfo = BowlingScoreboard;
		};
		12E929E02136CE9F00B04385 /* PBXContainerItemProxy */ = {
			isa = PBXContainerItemProxy;
			containerPortal = 12E929B52136CE9D00B04385 /* Project object */;
			proxyType = 1;
			remoteGlobalIDString = 12E929BC2136CE9D00B04385;
			remoteInfo = BowlingScoreboard;
		};
/* End PBXContainerItemProxy section */

/* Begin PBXFileReference section */
		12E929BD2136CE9D00B04385 /* BowlingScoreboard.app */ = {isa = PBXFileReference; explicitFileType = wrapper.application; includeInIndex = 0; path = BowlingScoreboard.app; sourceTree = BUILT_PRODUCTS_DIR; };
		12E929C02136CE9D00B04385 /* AppDelegate.swift */ = {isa = PBXFileReference; lastKnownFileType = sourcecode.swift; path = AppDelegate.swift; sourceTree = "<group>"; };
		12E929C22136CE9D00B04385 /* ViewController.swift */ = {isa = PBXFileReference; lastKnownFileType = sourcecode.swift; path = ViewController.swift; sourceTree = "<group>"; };
		12E929C52136CE9D00B04385 /* Base */ = {isa = PBXFileReference; lastKnownFileType = file.storyboard; name = Base; path = Base.lproj/Main.storyboard; sourceTree = "<group>"; };
		12E929C82136CE9D00B04385 /* BowlingScoreboard.xcdatamodel */ = {isa = PBXFileReference; lastKnownFileType = wrapper.xcdatamodel; path = BowlingScoreboard.xcdatamodel; sourceTree = "<group>"; };
		12E929CA2136CE9F00B04385 /* Assets.xcassets */ = {isa = PBXFileReference; lastKnownFileType = folder.assetcatalog; path = Assets.xcassets; sourceTree = "<group>"; };
		12E929CD2136CE9F00B04385 /* Base */ = {isa = PBXFileReference; lastKnownFileType = file.storyboard; name = Base; path = Base.lproj/LaunchScreen.storyboard; sourceTree = "<group>"; };
		12E929CF2136CE9F00B04385 /* Info.plist */ = {isa = PBXFileReference; lastKnownFileType = text.plist.xml; path = Info.plist; sourceTree = "<group>"; };
		12E929D42136CE9F00B04385 /* BowlingScoreboardTests.xctest */ = {isa = PBXFileReference; explicitFileType = wrapper.cfbundle; includeInIndex = 0; path = BowlingScoreboardTests.xctest; sourceTree = BUILT_PRODUCTS_DIR; };
		12E929D82136CE9F00B04385 /* BowlingScoreboardTests.swift */ = {isa = PBXFileReference; lastKnownFileType = sourcecode.swift; path = BowlingScoreboardTests.swift; sourceTree = "<group>"; };
		12E929DA2136CE9F00B04385 /* Info.plist */ = {isa = PBXFileReference; lastKnownFileType = text.plist.xml; path = Info.plist; sourceTree = "<group>"; };
		12E929DF2136CE9F00B04385 /* BowlingScoreboardUITests.xctest */ = {isa = PBXFileReference; explicitFileType = wrapper.cfbundle; includeInIndex = 0; path = BowlingScoreboardUITests.xctest; sourceTree = BUILT_PRODUCTS_DIR; };
		12E929E32136CE9F00B04385 /* BowlingScoreboardUITests.swift */ = {isa = PBXFileReference; lastKnownFileType = sourcecode.swift; path = BowlingScoreboardUITests.swift; sourceTree = "<group>"; };
		12E929E52136CE9F00B04385 /* Info.plist */ = {isa = PBXFileReference; lastKnownFileType = text.plist.xml; path = Info.plist; sourceTree = "<group>"; };
/* End PBXFileReference section */

/* Begin PBXFrameworksBuildPhase section */
		12E929BA2136CE9D00B04385 /* Frameworks */ = {
			isa = PBXFrameworksBuildPhase;
			buildActionMask = 2147483647;
			files = (
			);
			runOnlyForDeploymentPostprocessing = 0;
		};
		12E929D12136CE9F00B04385 /* Frameworks */ = {
			isa = PBXFrameworksBuildPhase;
			buildActionMask = 2147483647;
			files = (
			);
			runOnlyForDeploymentPostprocessing = 0;
		};
		12E929DC2136CE9F00B04385 /* Frameworks */ = {
			isa = PBXFrameworksBuildPhase;
			buildActionMask = 2147483647;
			files = (
			);
			runOnlyForDeploymentPostprocessing = 0;
		};
/* End PBXFrameworksBuildPhase section */

/* Begin PBXGroup section */
		12E929B42136CE9D00B04385 = {
			isa = PBXGroup;
			children = (
				12E929BF2136CE9D00B04385 /* BowlingScoreboard */,
				12E929D72136CE9F00B04385 /* BowlingScoreboardTests */,
				12E929E22136CE9F00B04385 /* BowlingScoreboardUITests */,
				12E929BE2136CE9D00B04385 /* Products */,
			);
			sourceTree = "<group>";
		};
		12E929BE2136CE9D00B04385 /* Products */ = {
			isa = PBXGroup;
			children = (
				12E929BD2136CE9D00B04385 /* BowlingScoreboard.app */,
				12E929D42136CE9F00B04385 /* BowlingScoreboardTests.xctest */,
				12E929DF2136CE9F00B04385 /* BowlingScoreboardUITests.xctest */,
			);
			name = Products;
			sourceTree = "<group>";
		};
		12E929BF2136CE9D00B04385 /* BowlingScoreboard */ = {
			isa = PBXGroup;
			children = (
				12E929C02136CE9D00B04385 /* AppDelegate.swift */,
				12E929C22136CE9D00B04385 /* ViewController.swift */,
				12E929C42136CE9D00B04385 /* Main.storyboard */,
				12E929CA2136CE9F00B04385 /* Assets.xcassets */,
				12E929CC2136CE9F00B04385 /* LaunchScreen.storyboard */,
				12E929CF2136CE9F00B04385 /* Info.plist */,
				12E929C72136CE9D00B04385 /* BowlingScoreboard.xcdatamodeld */,
			);
			path = BowlingScoreboard;
			sourceTree = "<group>";
		};
		12E929D72136CE9F00B04385 /* BowlingScoreboardTests */ = {
			isa = PBXGroup;
			children = (
				12E929D82136CE9F00B04385 /* BowlingScoreboardTests.swift */,
				12E929DA2136CE9F00B04385 /* Info.plist */,
			);
			path = BowlingScoreboardTests;
			sourceTree = "<group>";
		};
		12E929E22136CE9F00B04385 /* BowlingScoreboardUITests */ = {
			isa = PBXGroup;
			children = (
				12E929E32136CE9F00B04385 /* BowlingScoreboardUITests.swift */,
				12E929E52136CE9F00B04385 /* Info.plist */,
			);
			path = BowlingScoreboardUITests;
			sourceTree = "<group>";
		};
/* End PBXGroup section */

/* Begin PBXNativeTarget section */
		12E929BC2136CE9D00B04385 /* BowlingScoreboard */ = {
			isa = PBXNativeTarget;
			buildConfigurationList = 12E929E82136CE9F00B04385 /* Build configuration list for PBXNativeTarget "BowlingScoreboard" */;
			buildPhases = (
				12E929B92136CE9D00B04385 /* Sources */,
				12E929BA2136CE9D00B04385 /* Frameworks */,
				12E929BB2136CE9D00B04385 /* Resources */,
			);
			buildRules = (
			);
			dependencies = (
			);
			name = BowlingScoreboard;
			productName = BowlingScoreboard;
			productReference = 12E929BD2136CE9D00B04385 /* BowlingScoreboard.app */;
			productType = "com.apple.product-type.application";
		};
		12E929D32136CE9F00B04385 /* BowlingScoreboardTests */ = {
			isa = PBXNativeTarget;
			buildConfigurationList = 12E929EB2136CE9F00B04385 /* Build configuration list for PBXNativeTarget "BowlingScoreboardTests" */;
			buildPhases = (
				12E929D02136CE9F00B04385 /* Sources */,
				12E929D12136CE9F00B04385 /* Frameworks */,
				12E929D22136CE9F00B04385 /* Resources */,
			);
			buildRules = (
			);
			dependencies = (
				12E929D62136CE9F00B04385 /* PBXTargetDependency */,
			);
			name = BowlingScoreboardTests;
			productName = BowlingScoreboardTests;
			productReference = 12E929D42136CE9F00B04385 /* BowlingScoreboardTests.xctest */;
			productType = "com.apple.product-type.bundle.unit-test";
		};
		12E929DE2136CE9F00B04385 /* BowlingScoreboardUITests */ = {
			isa = PBXNativeTarget;
			buildConfigurationList = 12E929EE2136CE9F00B04385 /* Build configuration list for PBXNativeTarget "BowlingScoreboardUITests" */;
			buildPhases = (
				12E929DB2136CE9F00B04385 /* Sources */,
				12E929DC2136CE9F00B04385 /* Frameworks */,
				12E929DD2136CE9F00B04385 /* Resources */,
			);
			buildRules = (
			);
			dependencies = (
				12E929E12136CE9F00B04385 /* PBXTargetDependency */,
			);
			name = BowlingScoreboardUITests;
			productName = BowlingScoreboardUITests;
			productReference = 12E929DF2136CE9F00B04385 /* BowlingScoreboardUITests.xctest */;
			productType = "com.apple.product-type.bundle.ui-testing";
		};
/* End PBXNativeTarget section */

/* Begin PBXProject section */
		12E929B52136CE9D00B04385 /* Project object */ = {
			isa = PBXProject;
			attributes = {
				LastSwiftUpdateCheck = 0940;
				LastUpgradeCheck = 0940;
				ORGANIZATIONNAME = "Joshua Finch";
				TargetAttributes = {
					12E929BC2136CE9D00B04385 = {
						CreatedOnToolsVersion = 9.4.1;
					};
					12E929D32136CE9F00B04385 = {
						CreatedOnToolsVersion = 9.4.1;
						TestTargetID = 12E929BC2136CE9D00B04385;
					};
					12E929DE2136CE9F00B04385 = {
						CreatedOnToolsVersion = 9.4.1;
						TestTargetID = 12E929BC2136CE9D00B04385;
					};
				};
			};
			buildConfigurationList = 12E929B82136CE9D00B04385 /* Build configuration list for PBXProject "BowlingScoreboard" */;
			compatibilityVersion = "Xcode 9.3";
			developmentRegion = en;
			hasScannedForEncodings = 0;
			knownRegions = (
				en,
				Base,
			);
			mainGroup = 12E929B42136CE9D00B04385;
			productRefGroup = 12E929BE2136CE9D00B04385 /* Products */;
			projectDirPath = "";
			projectRoot = "";
			targets = (
				12E929BC2136CE9D00B04385 /* BowlingScoreboard */,
				12E929D32136CE9F00B04385 /* BowlingScoreboardTests */,
				12E929DE2136CE9F00B04385 /* BowlingScoreboardUITests */,
			);
		};
/* End PBXProject section */

/* Begin PBXResourcesBuildPhase section */
		12E929BB2136CE9D00B04385 /* Resources */ = {
			isa = PBXResourcesBuildPhase;
			buildActionMask = 2147483647;
			files = (
				12E929CE2136CE9F00B04385 /* LaunchScreen.storyboard in Resources */,
				12E929CB2136CE9F00B04385 /* Assets.xcassets in Resources */,
				12E929C62136CE9D00B04385 /* Main.storyboard in Resources */,
			);
			runOnlyForDeploymentPostprocessing = 0;
		};
		12E929D22136CE9F00B04385 /* Resources */ = {
			isa = PBXResourcesBuildPhase;
			buildActionMask = 2147483647;
			files = (
			);
			runOnlyForDeploymentPostprocessing = 0;
		};
		12E929DD2136CE9F00B04385 /* Resources */ = {
			isa = PBXResourcesBuildPhase;
			buildActionMask = 2147483647;
			files = (
			);
			runOnlyForDeploymentPostprocessing = 0;
		};
/* End PBXResourcesBuildPhase section */

/* Begin PBXSourcesBuildPhase section */
		12E929B92136CE9D00B04385 /* Sources */ = {
			isa = PBXSourcesBuildPhase;
			buildActionMask = 2147483647;
			files = (
				12E929C32136CE9D00B04385 /* ViewController.swift in Sources */,
				12E929C92136CE9D00B04385 /* BowlingScoreboard.xcdatamodeld in Sources */,
				12E929C12136CE9D00B04385 /* AppDelegate.swift in Sources */,
			);
			runOnlyForDeploymentPostprocessing = 0;
		};
		12E929D02136CE9F00B04385 /* Sources */ = {
			isa = PBXSourcesBuildPhase;
			buildActionMask = 2147483647;
			files = (
				12E929D92136CE9F00B04385 /* BowlingScoreboardTests.swift in Sources */,
			);
			runOnlyForDeploymentPostprocessing = 0;
		};
		12E929DB2136CE9F00B04385 /* Sources */ = {
			isa = PBXSourcesBuildPhase;
			buildActionMask = 2147483647;
			files = (
				12E929E42136CE9F00B04385 /* BowlingScoreboardUITests.swift in Sources */,
			);
			runOnlyForDeploymentPostprocessing = 0;
		};
/* End PBXSourcesBuildPhase section */

/* Begin PBXTargetDependency section */
		12E929D62136CE9F00B04385 /* PBXTargetDependency */ = {
			isa = PBXTargetDependency;
			target = 12E929BC2136CE9D00B04385 /* BowlingScoreboard */;
			targetProxy = 12E929D52136CE9F00B04385 /* PBXContainerItemProxy */;
		};
		12E929E12136CE9F00B04385 /* PBXTargetDependency */ = {
			isa = PBXTargetDependency;
			target = 12E929BC2136CE9D00B04385 /* BowlingScoreboard */;
			targetProxy = 12E929E02136CE9F00B04385 /* PBXContainerItemProxy */;
		};
/* End PBXTargetDependency section */

/* Begin PBXVariantGroup section */
		12E929C42136CE9D00B04385 /* Main.storyboard */ = {
			isa = PBXVariantGroup;
			children = (
				12E929C52136CE9D00B04385 /* Base */,
			);
			name = Main.storyboard;
			sourceTree = "<group>";
		};
		12E929CC2136CE9F00B04385 /* LaunchScreen.storyboard */ = {
			isa = PBXVariantGroup;
			children = (
				12E929CD2136CE9F00B04385 /* Base */,
			);
			name = LaunchScreen.storyboard;
			sourceTree = "<group>";
		};
/* End PBXVariantGroup section */

/* Begin XCBuildConfiguration section */
		12E929E62136CE9F00B04385 /* Debug */ = {
			isa = XCBuildConfiguration;
			buildSettings = {
				ALWAYS_SEARCH_USER_PATHS = NO;
				CLANG_ANALYZER_NONNULL = YES;
				CLANG_ANALYZER_NUMBER_OBJECT_CONVERSION = YES_AGGRESSIVE;
				CLANG_CXX_LANGUAGE_STANDARD = "gnu++14";
				CLANG_CXX_LIBRARY = "libc++";
				CLANG_ENABLE_MODULES = YES;
				CLANG_ENABLE_OBJC_ARC = YES;
				CLANG_ENABLE_OBJC_WEAK = YES;
				CLANG_WARN_BLOCK_CAPTURE_AUTORELEASING = YES;
				CLANG_WARN_BOOL_CONVERSION = YES;
				CLANG_WARN_COMMA = YES;
				CLANG_WARN_CONSTANT_CONVERSION = YES;
				CLANG_WARN_DEPRECATED_OBJC_IMPLEMENTATIONS = YES;
				CLANG_WARN_DIRECT_OBJC_ISA_USAGE = YES_ERROR;
				CLANG_WARN_DOCUMENTATION_COMMENTS = YES;
				CLANG_WARN_EMPTY_BODY = YES;
				CLANG_WARN_ENUM_CONVERSION = YES;
				CLANG_WARN_INFINITE_RECURSION = YES;
				CLANG_WARN_INT_CONVERSION = YES;
				CLANG_WARN_NON_LITERAL_NULL_CONVERSION = YES;
				CLANG_WARN_OBJC_IMPLICIT_RETAIN_SELF = YES;
				CLANG_WARN_OBJC_LITERAL_CONVERSION = YES;
				CLANG_WARN_OBJC_ROOT_CLASS = YES_ERROR;
				CLANG_WARN_RANGE_LOOP_ANALYSIS = YES;
				CLANG_WARN_STRICT_PROTOTYPES = YES;
				CLANG_WARN_SUSPICIOUS_MOVE = YES;
				CLANG_WARN_UNGUARDED_AVAILABILITY = YES_AGGRESSIVE;
				CLANG_WARN_UNREACHABLE_CODE = YES;
				CLANG_WARN__DUPLICATE_METHOD_MATCH = YES;
				CODE_SIGN_IDENTITY = "iPhone Developer";
				COPY_PHASE_STRIP = NO;
				DEBUG_INFORMATION_FORMAT = dwarf;
				ENABLE_STRICT_OBJC_MSGSEND = YES;
				ENABLE_TESTABILITY = YES;
				GCC_C_LANGUAGE_STANDARD = gnu11;
				GCC_DYNAMIC_NO_PIC = NO;
				GCC_NO_COMMON_BLOCKS = YES;
				GCC_OPTIMIZATION_LEVEL = 0;
				GCC_PREPROCESSOR_DEFINITIONS = (
					"DEBUG=1",
					"$(inherited)",
				);
				GCC_WARN_64_TO_32_BIT_CONVERSION = YES;
				GCC_WARN_ABOUT_RETURN_TYPE = YES_ERROR;
				GCC_WARN_UNDECLARED_SELECTOR = YES;
				GCC_WARN_UNINITIALIZED_AUTOS = YES_AGGRESSIVE;
				GCC_WARN_UNUSED_FUNCTION = YES;
				GCC_WARN_UNUSED_VARIABLE = YES;
				IPHONEOS_DEPLOYMENT_TARGET = 11.4;
				MTL_ENABLE_DEBUG_INFO = YES;
				ONLY_ACTIVE_ARCH = YES;
				SDKROOT = iphoneos;
				SWIFT_ACTIVE_COMPILATION_CONDITIONS = DEBUG;
				SWIFT_OPTIMIZATION_LEVEL = "-Onone";
			};
			name = Debug;
		};
		12E929E72136CE9F00B04385 /* Release */ = {
			isa = XCBuildConfiguration;
			buildSettings = {
				ALWAYS_SEARCH_USER_PATHS = NO;
				CLANG_ANALYZER_NONNULL = YES;
				CLANG_ANALYZER_NUMBER_OBJECT_CONVERSION = YES_AGGRESSIVE;
				CLANG_CXX_LANGUAGE_STANDARD = "gnu++14";
				CLANG_CXX_LIBRARY = "libc++";
				CLANG_ENABLE_MODULES = YES;
				CLANG_ENABLE_OBJC_ARC = YES;
				CLANG_ENABLE_OBJC_WEAK = YES;
				CLANG_WARN_BLOCK_CAPTURE_AUTORELEASING = YES;
				CLANG_WARN_BOOL_CONVERSION = YES;
				CLANG_WARN_COMMA = YES;
				CLANG_WARN_CONSTANT_CONVERSION = YES;
				CLANG_WARN_DEPRECATED_OBJC_IMPLEMENTATIONS = YES;
				CLANG_WARN_DIRECT_OBJC_ISA_USAGE = YES_ERROR;
				CLANG_WARN_DOCUMENTATION_COMMENTS = YES;
				CLANG_WARN_EMPTY_BODY = YES;
				CLANG_WARN_ENUM_CONVERSION = YES;
				CLANG_WARN_INFINITE_RECURSION = YES;
				CLANG_WARN_INT_CONVERSION = YES;
				CLANG_WARN_NON_LITERAL_NULL_CONVERSION = YES;
				CLANG_WARN_OBJC_IMPLICIT_RETAIN_SELF = YES;
				CLANG_WARN_OBJC_LITERAL_CONVERSION = YES;
				CLANG_WARN_OBJC_ROOT_CLASS = YES_ERROR;
				CLANG_WARN_RANGE_LOOP_ANALYSIS = YES;
				CLANG_WARN_STRICT_PROTOTYPES = YES;
				CLANG_WARN_SUSPICIOUS_MOVE = YES;
				CLANG_WARN_UNGUARDED_AVAILABILITY = YES_AGGRESSIVE;
				CLANG_WARN_UNREACHABLE_CODE = YES;
				CLANG_WARN__DUPLICATE_METHOD_MATCH = YES;
				CODE_SIGN_IDENTITY = "iPhone Developer";
				COPY_PHASE_STRIP = NO;
				DEBUG_INFORMATION_FORMAT = "dwarf-with-dsym";
				ENABLE_NS_ASSERTIONS = NO;
				ENABLE_STRICT_OBJC_MSGSEND = YES;
				GCC_C_LANGUAGE_STANDARD = gnu11;
				GCC_NO_COMMON_BLOCKS = YES;
				GCC_WARN_64_TO_32_BIT_CONVERSION = YES;
				GCC_WARN_ABOUT_RETURN_TYPE = YES_ERROR;
				GCC_WARN_UNDECLARED_SELECTOR = YES;
				GCC_WARN_UNINITIALIZED_AUTOS = YES_AGGRESSIVE;
				GCC_WARN_UNUSED_FUNCTION = YES;
				GCC_WARN_UNUSED_VARIABLE = YES;
				IPHONEOS_DEPLOYMENT_TARGET = 11.4;
				MTL_ENABLE_DEBUG_INFO = NO;
				SDKROOT = iphoneos;
				SWIFT_COMPILATION_MODE = wholemodule;
				SWIFT_OPTIMIZATION_LEVEL = "-O";
				VALIDATE_PRODUCT = YES;
			};
			name = Release;
		};
		12E929E92136CE9F00B04385 /* Debug */ = {
			isa = XCBuildConfiguration;
			buildSettings = {
				ASSETCATALOG_COMPILER_APPICON_NAME = AppIcon;
				CODE_SIGN_STYLE = Automatic;
				DEVELOPMENT_TEAM = MV2JZMSBKV;
				INFOPLIST_FILE = BowlingScoreboard/Info.plist;
				LD_RUNPATH_SEARCH_PATHS = (
					"$(inherited)",
					"@executable_path/Frameworks",
				);
				PRODUCT_BUNDLE_IDENTIFIER = codes.joshua.BowlingScoreboard;
				PRODUCT_NAME = "$(TARGET_NAME)";
				SWIFT_VERSION = 4.0;
				TARGETED_DEVICE_FAMILY = "1,2";
			};
			name = Debug;
		};
		12E929EA2136CE9F00B04385 /* Release */ = {
			isa = XCBuildConfiguration;
			buildSettings = {
				ASSETCATALOG_COMPILER_APPICON_NAME = AppIcon;
				CODE_SIGN_STYLE = Automatic;
				DEVELOPMENT_TEAM = MV2JZMSBKV;
				INFOPLIST_FILE = BowlingScoreboard/Info.plist;
				LD_RUNPATH_SEARCH_PATHS = (
					"$(inherited)",
					"@executable_path/Frameworks",
				);
				PRODUCT_BUNDLE_IDENTIFIER = codes.joshua.BowlingScoreboard;
				PRODUCT_NAME = "$(TARGET_NAME)";
				SWIFT_VERSION = 4.0;
				TARGETED_DEVICE_FAMILY = "1,2";
			};
			name = Release;
		};
		12E929EC2136CE9F00B04385 /* Debug */ = {
			isa = XCBuildConfiguration;
			buildSettings = {
				ALWAYS_EMBED_SWIFT_STANDARD_LIBRARIES = YES;
				BUNDLE_LOADER = "$(TEST_HOST)";
				CODE_SIGN_STYLE = Automatic;
				DEVELOPMENT_TEAM = MV2JZMSBKV;
				INFOPLIST_FILE = BowlingScoreboardTests/Info.plist;
				LD_RUNPATH_SEARCH_PATHS = (
					"$(inherited)",
					"@executable_path/Frameworks",
					"@loader_path/Frameworks",
				);
				PRODUCT_BUNDLE_IDENTIFIER = codes.joshua.BowlingScoreboardTests;
				PRODUCT_NAME = "$(TARGET_NAME)";
				SWIFT_VERSION = 4.0;
				TARGETED_DEVICE_FAMILY = "1,2";
				TEST_HOST = "$(BUILT_PRODUCTS_DIR)/BowlingScoreboard.app/BowlingScoreboard";
			};
			name = Debug;
		};
		12E929ED2136CE9F00B04385 /* Release */ = {
			isa = XCBuildConfiguration;
			buildSettings = {
				ALWAYS_EMBED_SWIFT_STANDARD_LIBRARIES = YES;
				BUNDLE_LOADER = "$(TEST_HOST)";
				CODE_SIGN_STYLE = Automatic;
				DEVELOPMENT_TEAM = MV2JZMSBKV;
				INFOPLIST_FILE = BowlingScoreboardTests/Info.plist;
				LD_RUNPATH_SEARCH_PATHS = (
					"$(inherited)",
					"@executable_path/Frameworks",
					"@loader_path/Frameworks",
				);
				PRODUCT_BUNDLE_IDENTIFIER = codes.joshua.BowlingScoreboardTests;
				PRODUCT_NAME = "$(TARGET_NAME)";
				SWIFT_VERSION = 4.0;
				TARGETED_DEVICE_FAMILY = "1,2";
				TEST_HOST = "$(BUILT_PRODUCTS_DIR)/BowlingScoreboard.app/BowlingScoreboard";
			};
			name = Release;
		};
		12E929EF2136CE9F00B04385 /* Debug */ = {
			isa = XCBuildConfiguration;
			buildSettings = {
				ALWAYS_EMBED_SWIFT_STANDARD_LIBRARIES = YES;
				CODE_SIGN_STYLE = Automatic;
				DEVELOPMENT_TEAM = MV2JZMSBKV;
				INFOPLIST_FILE = BowlingScoreboardUITests/Info.plist;
				LD_RUNPATH_SEARCH_PATHS = (
					"$(inherited)",
					"@executable_path/Frameworks",
					"@loader_path/Frameworks",
				);
				PRODUCT_BUNDLE_IDENTIFIER = codes.joshua.BowlingScoreboardUITests;
				PRODUCT_NAME = "$(TARGET_NAME)";
				SWIFT_VERSION = 4.0;
				TARGETED_DEVICE_FAMILY = "1,2";
				TEST_TARGET_NAME = BowlingScoreboard;
			};
			name = Debug;
		};
		12E929F02136CE9F00B04385 /* Release */ = {
			isa = XCBuildConfiguration;
			buildSettings = {
				ALWAYS_EMBED_SWIFT_STANDARD_LIBRARIES = YES;
				CODE_SIGN_STYLE = Automatic;
				DEVELOPMENT_TEAM = MV2JZMSBKV;
				INFOPLIST_FILE = BowlingScoreboardUITests/Info.plist;
				LD_RUNPATH_SEARCH_PATHS = (
					"$(inherited)",
					"@executable_path/Frameworks",
					"@loader_path/Frameworks",
				);
				PRODUCT_BUNDLE_IDENTIFIER = codes.joshua.BowlingScoreboardUITests;
				PRODUCT_NAME = "$(TARGET_NAME)";
				SWIFT_VERSION = 4.0;
				TARGETED_DEVICE_FAMILY = "1,2";
				TEST_TARGET_NAME = BowlingScoreboard;
			};
			name = Release;
		};
/* End XCBuildConfiguration section */

/* Begin XCConfigurationList section */
		12E929B82136CE9D00B04385 /* Build configuration list for PBXProject "BowlingScoreboard" */ = {
			isa = XCConfigurationList;
			buildConfigurations = (
				12E929E62136CE9F00B04385 /* Debug */,
				12E929E72136CE9F00B04385 /* Release */,
			);
			defaultConfigurationIsVisible = 0;
			defaultConfigurationName = Release;
		};
		12E929E82136CE9F00B04385 /* Build configuration list for PBXNativeTarget "BowlingScoreboard" */ = {
			isa = XCConfigurationList;
			buildConfigurations = (
				12E929E92136CE9F00B04385 /* Debug */,
				12E929EA2136CE9F00B04385 /* Release */,
			);
			defaultConfigurationIsVisible = 0;
			defaultConfigurationName = Release;
		};
		12E929EB2136CE9F00B04385 /* Build configuration list for PBXNativeTarget "BowlingScoreboardTests" */ = {
			isa = XCConfigurationList;
			buildConfigurations = (
				12E929EC2136CE9F00B04385 /* Debug */,
				12E929ED2136CE9F00B04385 /* Release */,
			);
			defaultConfigurationIsVisible = 0;
			defaultConfigurationName = Release;
		};
		12E929EE2136CE9F00B04385 /* Build configuration list for PBXNativeTarget "BowlingScoreboardUITests" */ = {
			isa = XCConfigurationList;
			buildConfigurations = (
				12E929EF2136CE9F00B04385 /* Debug */,
				12E929F02136CE9F00B04385 /* Release */,
			);
			defaultConfigurationIsVisible = 0;
			defaultConfigurationName = Release;
		};
/* End XCConfigurationList section */

/* Begin XCVersionGroup section */
		12E929C72136CE9D00B04385 /* BowlingScoreboard.xcdatamodeld */ = {
			isa = XCVersionGroup;
			children = (
				12E929C82136CE9D00B04385 /* BowlingScoreboard.xcdatamodel */,
			);
			currentVersion = 12E929C82136CE9D00B04385 /* BowlingScoreboard.xcdatamodel */;
			path = BowlingScoreboard.xcdatamodeld;
			sourceTree = "<group>";
			versionGroupType = wrapper.xcdatamodel;
		};
/* End XCVersionGroup section */
	};
	rootObject = 12E929B52136CE9D00B04385 /* Project object */;
}
